
Microsoft Visual Studio Solution File, Format Version 12.00
# Visual Studio Version 17
VisualStudioVersion = 17.3.32901.215
MinimumVisualStudioVersion = 10.0.40219.1
Project("{FAE04EC0-301F-11D3-BF4B-00C04F79EFBC}") = "MultiAuthenticationAppAPI", "MultiAuthenticationAppAPI.csproj", "{5CB8E87E-D7EA-4AF3-90A7-4671C3F5A4C5}"
EndProject
Global
	GlobalSection(SolutionConfigurationPlatforms) = preSolution
		Debug|Any CPU = Debug|Any CPU
		Release|Any CPU = Release|Any CPU
	EndGlobalSection
	GlobalSection(ProjectConfigurationPlatforms) = postSolution
		{5CB8E87E-D7EA-4AF3-90A7-4671C3F5A4C5}.Debug|Any CPU.ActiveCfg = Debug|Any CPU
		{5CB8E87E-D7EA-4AF3-90A7-4671C3F5A4C5}.Debug|Any CPU.Build.0 = Debug|Any CPU
		{5CB8E87E-D7EA-4AF3-90A7-4671C3F5A4C5}.Release|Any CPU.ActiveCfg = Release|Any CPU
		{5CB8E87E-D7EA-4AF3-90A7-4671C3F5A4C5}.Release|Any CPU.Build.0 = Release|Any CPU
	EndGlobalSection
	GlobalSection(SolutionProperties) = preSolution
		HideSolutionNode = FALSE
	EndGlobalSection
	GlobalSection(ExtensibilityGlobals) = postSolution
		SolutionGuid = {85985E77-857B-4BC1-96AD-2893CCC3A400}
	EndGlobalSection
EndGlobal
